
Microsoft Visual Studio Solution File, Format Version 12.00
# Visual Studio Version 17
VisualStudioVersion = 17.5.33516.290
MinimumVisualStudioVersion = 10.0.40219.1
Project("{9A19103F-16F7-4668-BE54-9A1E7A4F7556}") = "WebCrawler.CLI", "WebCrawler.CLI\WebCrawler.CLI.csproj", "{F0EA659F-A6FA-4D14-B47D-29E07D65100D}"
EndProject
Project("{9A19103F-16F7-4668-BE54-9A1E7A4F7556}") = "WebCrawler.Core", "WebCrawler.Core\WebCrawler.Core.csproj", "{2310E031-D6D4-4EC8-9068-1B749ED82818}"
EndProject
Project("{FAE04EC0-301F-11D3-BF4B-00C04F79EFBC}") = "WebCrawler.Core.UnitTests", "WebCrawler.Core.UnitTests\WebCrawler.Core.UnitTests.csproj", "{7B442409-F9AF-4D94-A0DC-92432F54C636}"
EndProject
Global
	GlobalSection(SolutionConfigurationPlatforms) = preSolution
		Debug|Any CPU = Debug|Any CPU
		Release|Any CPU = Release|Any CPU
	EndGlobalSection
	GlobalSection(ProjectConfigurationPlatforms) = postSolution
		{F0EA659F-A6FA-4D14-B47D-29E07D65100D}.Debug|Any CPU.ActiveCfg = Debug|Any CPU
		{F0EA659F-A6FA-4D14-B47D-29E07D65100D}.Debug|Any CPU.Build.0 = Debug|Any CPU
		{F0EA659F-A6FA-4D14-B47D-29E07D65100D}.Release|Any CPU.ActiveCfg = Release|Any CPU
		{F0EA659F-A6FA-4D14-B47D-29E07D65100D}.Release|Any CPU.Build.0 = Release|Any CPU
		{2310E031-D6D4-4EC8-9068-1B749ED82818}.Debug|Any CPU.ActiveCfg = Debug|Any CPU
		{2310E031-D6D4-4EC8-9068-1B749ED82818}.Debug|Any CPU.Build.0 = Debug|Any CPU
		{2310E031-D6D4-4EC8-9068-1B749ED82818}.Release|Any CPU.ActiveCfg = Release|Any CPU
		{2310E031-D6D4-4EC8-9068-1B749ED82818}.Release|Any CPU.Build.0 = Release|Any CPU
		{7B442409-F9AF-4D94-A0DC-92432F54C636}.Debug|Any CPU.ActiveCfg = Debug|Any CPU
		{7B442409-F9AF-4D94-A0DC-92432F54C636}.Debug|Any CPU.Build.0 = Debug|Any CPU
		{7B442409-F9AF-4D94-A0DC-92432F54C636}.Release|Any CPU.ActiveCfg = Release|Any CPU
		{7B442409-F9AF-4D94-A0DC-92432F54C636}.Release|Any CPU.Build.0 = Release|Any CPU
	EndGlobalSection
	GlobalSection(SolutionProperties) = preSolution
		HideSolutionNode = FALSE
	EndGlobalSection
	GlobalSection(ExtensibilityGlobals) = postSolution
		SolutionGuid = {D9C43F1C-F3DA-4A30-86A4-A725B6A99C11}
	EndGlobalSection
EndGlobal
